// !$*UTF8*$!
{
	archiveVersion = 1;
	classes = {
	};
	objectVersion = 77;
	objects = {

/* Begin PBXContainerItemProxy section */
		37787C802D80A449003E2A93 /* PBXContainerItemProxy */ = {
			isa = PBXContainerItemProxy;
			containerPortal = 37787C652D80A446003E2A93 /* Project object */;
			proxyType = 1;
			remoteGlobalIDString = 37787C6C2D80A447003E2A93;
			remoteInfo = DailyGrind_Proto;
		};
		37787C8A2D80A449003E2A93 /* PBXContainerItemProxy */ = {
			isa = PBXContainerItemProxy;
			containerPortal = 37787C652D80A446003E2A93 /* Project object */;
			proxyType = 1;
			remoteGlobalIDString = 37787C6C2D80A447003E2A93;
			remoteInfo = DailyGrind_Proto;
		};
/* End PBXContainerItemProxy section */

/* Begin PBXFileReference section */
		37787C6D2D80A447003E2A93 /* DailyGrind_Proto.app */ = {isa = PBXFileReference; explicitFileType = wrapper.application; includeInIndex = 0; path = DailyGrind_Proto.app; sourceTree = BUILT_PRODUCTS_DIR; };
		37787C7F2D80A449003E2A93 /* DailyGrind_ProtoTests.xctest */ = {isa = PBXFileReference; explicitFileType = wrapper.cfbundle; includeInIndex = 0; path = DailyGrind_ProtoTests.xctest; sourceTree = BUILT_PRODUCTS_DIR; };
		37787C892D80A449003E2A93 /* DailyGrind_ProtoUITests.xctest */ = {isa = PBXFileReference; explicitFileType = wrapper.cfbundle; includeInIndex = 0; path = DailyGrind_ProtoUITests.xctest; sourceTree = BUILT_PRODUCTS_DIR; };
/* End PBXFileReference section */

/* Begin PBXFileSystemSynchronizedRootGroup section */
		37787C6F2D80A447003E2A93 /* DailyGrind_Proto */ = {
			isa = PBXFileSystemSynchronizedRootGroup;
			path = DailyGrind_Proto;
			sourceTree = "<group>";
		};
		37787C822D80A449003E2A93 /* DailyGrind_ProtoTests */ = {
			isa = PBXFileSystemSynchronizedRootGroup;
			path = DailyGrind_ProtoTests;
			sourceTree = "<group>";
		};
		37787C8C2D80A449003E2A93 /* DailyGrind_ProtoUITests */ = {
			isa = PBXFileSystemSynchronizedRootGroup;
			path = DailyGrind_ProtoUITests;
			sourceTree = "<group>";
		};
/* End PBXFileSystemSynchronizedRootGroup section */

/* Begin PBXFrameworksBuildPhase section */
		37787C6A2D80A447003E2A93 /* Frameworks */ = {
			isa = PBXFrameworksBuildPhase;
			buildActionMask = 2147483647;
			files = (
			);
			runOnlyForDeploymentPostprocessing = 0;
		};
		37787C7C2D80A449003E2A93 /* Frameworks */ = {
			isa = PBXFrameworksBuildPhase;
			buildActionMask = 2147483647;
			files = (
			);
			runOnlyForDeploymentPostprocessing = 0;
		};
		37787C862D80A449003E2A93 /* Frameworks */ = {
			isa = PBXFrameworksBuildPhase;
			buildActionMask = 2147483647;
			files = (
			);
			runOnlyForDeploymentPostprocessing = 0;
		};
/* End PBXFrameworksBuildPhase section */

/* Begin PBXGroup section */
		37787C642D80A446003E2A93 = {
			isa = PBXGroup;
			children = (
				37787C6F2D80A447003E2A93 /* DailyGrind_Proto */,
				37787C822D80A449003E2A93 /* DailyGrind_ProtoTests */,
				37787C8C2D80A449003E2A93 /* DailyGrind_ProtoUITests */,
				37787C6E2D80A447003E2A93 /* Products */,
			);
			sourceTree = "<group>";
		};
		37787C6E2D80A447003E2A93 /* Products */ = {
			isa = PBXGroup;
			children = (
				37787C6D2D80A447003E2A93 /* DailyGrind_Proto.app */,
				37787C7F2D80A449003E2A93 /* DailyGrind_ProtoTests.xctest */,
				37787C892D80A449003E2A93 /* DailyGrind_ProtoUITests.xctest */,
			);
			name = Products;
			sourceTree = "<group>";
		};
/* End PBXGroup section */

/* Begin PBXNativeTarget section */
		37787C6C2D80A447003E2A93 /* DailyGrind_Proto */ = {
			isa = PBXNativeTarget;
			buildConfigurationList = 37787C932D80A449003E2A93 /* Build configuration list for PBXNativeTarget "DailyGrind_Proto" */;
			buildPhases = (
				37787C692D80A447003E2A93 /* Sources */,
				37787C6A2D80A447003E2A93 /* Frameworks */,
				37787C6B2D80A447003E2A93 /* Resources */,
			);
			buildRules = (
			);
			dependencies = (
			);
			fileSystemSynchronizedGroups = (
				37787C6F2D80A447003E2A93 /* DailyGrind_Proto */,
			);
			name = DailyGrind_Proto;
			packageProductDependencies = (
			);
			productName = DailyGrind_Proto;
			productReference = 37787C6D2D80A447003E2A93 /* DailyGrind_Proto.app */;
			productType = "com.apple.product-type.application";
		};
		37787C7E2D80A449003E2A93 /* DailyGrind_ProtoTests */ = {
			isa = PBXNativeTarget;
			buildConfigurationList = 37787C962D80A449003E2A93 /* Build configuration list for PBXNativeTarget "DailyGrind_ProtoTests" */;
			buildPhases = (
				37787C7B2D80A449003E2A93 /* Sources */,
				37787C7C2D80A449003E2A93 /* Frameworks */,
				37787C7D2D80A449003E2A93 /* Resources */,
			);
			buildRules = (
			);
			dependencies = (
				37787C812D80A449003E2A93 /* PBXTargetDependency */,
			);
			fileSystemSynchronizedGroups = (
				37787C822D80A449003E2A93 /* DailyGrind_ProtoTests */,
			);
			name = DailyGrind_ProtoTests;
			packageProductDependencies = (
			);
			productName = DailyGrind_ProtoTests;
			productReference = 37787C7F2D80A449003E2A93 /* DailyGrind_ProtoTests.xctest */;
			productType = "com.apple.product-type.bundle.unit-test";
		};
		37787C882D80A449003E2A93 /* DailyGrind_ProtoUITests */ = {
			isa = PBXNativeTarget;
			buildConfigurationList = 37787C992D80A449003E2A93 /* Build configuration list for PBXNativeTarget "DailyGrind_ProtoUITests" */;
			buildPhases = (
				37787C852D80A449003E2A93 /* Sources */,
				37787C862D80A449003E2A93 /* Frameworks */,
				37787C872D80A449003E2A93 /* Resources */,
			);
			buildRules = (
			);
			dependencies = (
				37787C8B2D80A449003E2A93 /* PBXTargetDependency */,
			);
			fileSystemSynchronizedGroups = (
				37787C8C2D80A449003E2A93 /* DailyGrind_ProtoUITests */,
			);
			name = DailyGrind_ProtoUITests;
			packageProductDependencies = (
			);
			productName = DailyGrind_ProtoUITests;
			productReference = 37787C892D80A449003E2A93 /* DailyGrind_ProtoUITests.xctest */;
			productType = "com.apple.product-type.bundle.ui-testing";
		};
/* End PBXNativeTarget section */

/* Begin PBXProject section */
		37787C652D80A446003E2A93 /* Project object */ = {
			isa = PBXProject;
			attributes = {
				BuildIndependentTargetsInParallel = 1;
				LastSwiftUpdateCheck = 1620;
				LastUpgradeCheck = 1620;
				TargetAttributes = {
					37787C6C2D80A447003E2A93 = {
						CreatedOnToolsVersion = 16.2;
					};
					37787C7E2D80A449003E2A93 = {
						CreatedOnToolsVersion = 16.2;
						TestTargetID = 37787C6C2D80A447003E2A93;
					};
					37787C882D80A449003E2A93 = {
						CreatedOnToolsVersion = 16.2;
						TestTargetID = 37787C6C2D80A447003E2A93;
					};
				};
			};
			buildConfigurationList = 37787C682D80A447003E2A93 /* Build configuration list for PBXProject "DailyGrind_Proto" */;
			developmentRegion = en;
			hasScannedForEncodings = 0;
			knownRegions = (
				en,
				Base,
			);
			mainGroup = 37787C642D80A446003E2A93;
			minimizedProjectReferenceProxies = 1;
			preferredProjectObjectVersion = 77;
			productRefGroup = 37787C6E2D80A447003E2A93 /* Products */;
			projectDirPath = "";
			projectRoot = "";
			targets = (
				37787C6C2D80A447003E2A93 /* DailyGrind_Proto */,
				37787C7E2D80A449003E2A93 /* DailyGrind_ProtoTests */,
				37787C882D80A449003E2A93 /* DailyGrind_ProtoUITests */,
			);
		};
/* End PBXProject section */

/* Begin PBXResourcesBuildPhase section */
		37787C6B2D80A447003E2A93 /* Resources */ = {
			isa = PBXResourcesBuildPhase;
			buildActionMask = 2147483647;
			files = (
			);
			runOnlyForDeploymentPostprocessing = 0;
		};
		37787C7D2D80A449003E2A93 /* Resources */ = {
			isa = PBXResourcesBuildPhase;
			buildActionMask = 2147483647;
			files = (
			);
			runOnlyForDeploymentPostprocessing = 0;
		};
		37787C872D80A449003E2A93 /* Resources */ = {
			isa = PBXResourcesBuildPhase;
			buildActionMask = 2147483647;
			files = (
			);
			runOnlyForDeploymentPostprocessing = 0;
		};
/* End PBXResourcesBuildPhase section */

/* Begin PBXSourcesBuildPhase section */
		37787C692D80A447003E2A93 /* Sources */ = {
			isa = PBXSourcesBuildPhase;
			buildActionMask = 2147483647;
			files = (
			);
			runOnlyForDeploymentPostprocessing = 0;
		};
		37787C7B2D80A449003E2A93 /* Sources */ = {
			isa = PBXSourcesBuildPhase;
			buildActionMask = 2147483647;
			files = (
			);
			runOnlyForDeploymentPostprocessing = 0;
		};
		37787C852D80A449003E2A93 /* Sources */ = {
			isa = PBXSourcesBuildPhase;
			buildActionMask = 2147483647;
			files = (
			);
			runOnlyForDeploymentPostprocessing = 0;
		};
/* End PBXSourcesBuildPhase section */

/* Begin PBXTargetDependency section */
		37787C812D80A449003E2A93 /* PBXTargetDependency */ = {
			isa = PBXTargetDependency;
			target = 37787C6C2D80A447003E2A93 /* DailyGrind_Proto */;
			targetProxy = 37787C802D80A449003E2A93 /* PBXContainerItemProxy */;
		};
		37787C8B2D80A449003E2A93 /* PBXTargetDependency */ = {
			isa = PBXTargetDependency;
			target = 37787C6C2D80A447003E2A93 /* DailyGrind_Proto */;
			targetProxy = 37787C8A2D80A449003E2A93 /* PBXContainerItemProxy */;
		};
/* End PBXTargetDependency section */

/* Begin XCBuildConfiguration section */
		37787C912D80A449003E2A93 /* Debug */ = {
			isa = XCBuildConfiguration;
			buildSettings = {
				ALWAYS_SEARCH_USER_PATHS = NO;
				ASSETCATALOG_COMPILER_GENERATE_SWIFT_ASSET_SYMBOL_EXTENSIONS = YES;
				CLANG_ANALYZER_NONNULL = YES;
				CLANG_ANALYZER_NUMBER_OBJECT_CONVERSION = YES_AGGRESSIVE;
				CLANG_CXX_LANGUAGE_STANDARD = "gnu++20";
				CLANG_ENABLE_MODULES = YES;
				CLANG_ENABLE_OBJC_ARC = YES;
				CLANG_ENABLE_OBJC_WEAK = YES;
				CLANG_WARN_BLOCK_CAPTURE_AUTORELEASING = YES;
				CLANG_WARN_BOOL_CONVERSION = YES;
				CLANG_WARN_COMMA = YES;
				CLANG_WARN_CONSTANT_CONVERSION = YES;
				CLANG_WARN_DEPRECATED_OBJC_IMPLEMENTATIONS = YES;
				CLANG_WARN_DIRECT_OBJC_ISA_USAGE = YES_ERROR;
				CLANG_WARN_DOCUMENTATION_COMMENTS = YES;
				CLANG_WARN_EMPTY_BODY = YES;
				CLANG_WARN_ENUM_CONVERSION = YES;
				CLANG_WARN_INFINITE_RECURSION = YES;
				CLANG_WARN_INT_CONVERSION = YES;
				CLANG_WARN_NON_LITERAL_NULL_CONVERSION = YES;
				CLANG_WARN_OBJC_IMPLICIT_RETAIN_SELF = YES;
				CLANG_WARN_OBJC_LITERAL_CONVERSION = YES;
				CLANG_WARN_OBJC_ROOT_CLASS = YES_ERROR;
				CLANG_WARN_QUOTED_INCLUDE_IN_FRAMEWORK_HEADER = YES;
				CLANG_WARN_RANGE_LOOP_ANALYSIS = YES;
				CLANG_WARN_STRICT_PROTOTYPES = YES;
				CLANG_WARN_SUSPICIOUS_MOVE = YES;
				CLANG_WARN_UNGUARDED_AVAILABILITY = YES_AGGRESSIVE;
				CLANG_WARN_UNREACHABLE_CODE = YES;
				CLANG_WARN__DUPLICATE_METHOD_MATCH = YES;
				COPY_PHASE_STRIP = NO;
				DEBUG_INFORMATION_FORMAT = dwarf;
				ENABLE_STRICT_OBJC_MSGSEND = YES;
				ENABLE_TESTABILITY = YES;
				ENABLE_USER_SCRIPT_SANDBOXING = YES;
				GCC_C_LANGUAGE_STANDARD = gnu17;
				GCC_DYNAMIC_NO_PIC = NO;
				GCC_NO_COMMON_BLOCKS = YES;
				GCC_OPTIMIZATION_LEVEL = 0;
				GCC_PREPROCESSOR_DEFINITIONS = (
					"DEBUG=1",
					"$(inherited)",
				);
				GCC_WARN_64_TO_32_BIT_CONVERSION = YES;
				GCC_WARN_ABOUT_RETURN_TYPE = YES_ERROR;
				GCC_WARN_UNDECLARED_SELECTOR = YES;
				GCC_WARN_UNINITIALIZED_AUTOS = YES_AGGRESSIVE;
				GCC_WARN_UNUSED_FUNCTION = YES;
				GCC_WARN_UNUSED_VARIABLE = YES;
				IPHONEOS_DEPLOYMENT_TARGET = 18.2;
				LOCALIZATION_PREFERS_STRING_CATALOGS = YES;
				MTL_ENABLE_DEBUG_INFO = INCLUDE_SOURCE;
				MTL_FAST_MATH = YES;
				ONLY_ACTIVE_ARCH = YES;
				SDKROOT = iphoneos;
				SWIFT_ACTIVE_COMPILATION_CONDITIONS = "DEBUG $(inherited)";
				SWIFT_OPTIMIZATION_LEVEL = "-Onone";
			};
			name = Debug;
		};
		37787C922D80A449003E2A93 /* Release */ = {
			isa = XCBuildConfiguration;
			buildSettings = {
				ALWAYS_SEARCH_USER_PATHS = NO;
				ASSETCATALOG_COMPILER_GENERATE_SWIFT_ASSET_SYMBOL_EXTENSIONS = YES;
				CLANG_ANALYZER_NONNULL = YES;
				CLANG_ANALYZER_NUMBER_OBJECT_CONVERSION = YES_AGGRESSIVE;
				CLANG_CXX_LANGUAGE_STANDARD = "gnu++20";
				CLANG_ENABLE_MODULES = YES;
				CLANG_ENABLE_OBJC_ARC = YES;
				CLANG_ENABLE_OBJC_WEAK = YES;
				CLANG_WARN_BLOCK_CAPTURE_AUTORELEASING = YES;
				CLANG_WARN_BOOL_CONVERSION = YES;
				CLANG_WARN_COMMA = YES;
				CLANG_WARN_CONSTANT_CONVERSION = YES;
				CLANG_WARN_DEPRECATED_OBJC_IMPLEMENTATIONS = YES;
				CLANG_WARN_DIRECT_OBJC_ISA_USAGE = YES_ERROR;
				CLANG_WARN_DOCUMENTATION_COMMENTS = YES;
				CLANG_WARN_EMPTY_BODY = YES;
				CLANG_WARN_ENUM_CONVERSION = YES;
				CLANG_WARN_INFINITE_RECURSION = YES;
				CLANG_WARN_INT_CONVERSION = YES;
				CLANG_WARN_NON_LITERAL_NULL_CONVERSION = YES;
				CLANG_WARN_OBJC_IMPLICIT_RETAIN_SELF = YES;
				CLANG_WARN_OBJC_LITERAL_CONVERSION = YES;
				CLANG_WARN_OBJC_ROOT_CLASS = YES_ERROR;
				CLANG_WARN_QUOTED_INCLUDE_IN_FRAMEWORK_HEADER = YES;
				CLANG_WARN_RANGE_LOOP_ANALYSIS = YES;
				CLANG_WARN_STRICT_PROTOTYPES = YES;
				CLANG_WARN_SUSPICIOUS_MOVE = YES;
				CLANG_WARN_UNGUARDED_AVAILABILITY = YES_AGGRESSIVE;
				CLANG_WARN_UNREACHABLE_CODE = YES;
				CLANG_WARN__DUPLICATE_METHOD_MATCH = YES;
				COPY_PHASE_STRIP = NO;
				DEBUG_INFORMATION_FORMAT = "dwarf-with-dsym";
				ENABLE_NS_ASSERTIONS = NO;
				ENABLE_STRICT_OBJC_MSGSEND = YES;
				ENABLE_USER_SCRIPT_SANDBOXING = YES;
				GCC_C_LANGUAGE_STANDARD = gnu17;
				GCC_NO_COMMON_BLOCKS = YES;
				GCC_WARN_64_TO_32_BIT_CONVERSION = YES;
				GCC_WARN_ABOUT_RETURN_TYPE = YES_ERROR;
				GCC_WARN_UNDECLARED_SELECTOR = YES;
				GCC_WARN_UNINITIALIZED_AUTOS = YES_AGGRESSIVE;
				GCC_WARN_UNUSED_FUNCTION = YES;
				GCC_WARN_UNUSED_VARIABLE = YES;
				IPHONEOS_DEPLOYMENT_TARGET = 18.2;
				LOCALIZATION_PREFERS_STRING_CATALOGS = YES;
				MTL_ENABLE_DEBUG_INFO = NO;
				MTL_FAST_MATH = YES;
				SDKROOT = iphoneos;
				SWIFT_COMPILATION_MODE = wholemodule;
				VALIDATE_PRODUCT = YES;
			};
			name = Release;
		};
		37787C942D80A449003E2A93 /* Debug */ = {
			isa = XCBuildConfiguration;
			buildSettings = {
				ASSETCATALOG_COMPILER_APPICON_NAME = AppIcon;
				ASSETCATALOG_COMPILER_GLOBAL_ACCENT_COLOR_NAME = AccentColor;
				CODE_SIGN_STYLE = Automatic;
				CURRENT_PROJECT_VERSION = 1;
				DEVELOPMENT_ASSET_PATHS = "\"DailyGrind_Proto/Preview Content\"";
				DEVELOPMENT_TEAM = 99S33YCFRB;
				ENABLE_PREVIEWS = YES;
				GENERATE_INFOPLIST_FILE = YES;
				INFOPLIST_KEY_UIApplicationSceneManifest_Generation = YES;
				INFOPLIST_KEY_UIApplicationSupportsIndirectInputEvents = YES;
				INFOPLIST_KEY_UILaunchScreen_Generation = YES;
				INFOPLIST_KEY_UISupportedInterfaceOrientations_iPad = "UIInterfaceOrientationPortrait UIInterfaceOrientationPortraitUpsideDown UIInterfaceOrientationLandscapeLeft UIInterfaceOrientationLandscapeRight";
				INFOPLIST_KEY_UISupportedInterfaceOrientations_iPhone = "UIInterfaceOrientationPortrait UIInterfaceOrientationLandscapeLeft UIInterfaceOrientationLandscapeRight";
				LD_RUNPATH_SEARCH_PATHS = (
					"$(inherited)",
					"@executable_path/Frameworks",
				);
				MARKETING_VERSION = 1.0;
				PRODUCT_BUNDLE_IDENTIFIER = "com.tnt.DailyGrind-Proto";
				PRODUCT_NAME = "$(TARGET_NAME)";
				SWIFT_EMIT_LOC_STRINGS = YES;
				SWIFT_VERSION = 5.0;
				TARGETED_DEVICE_FAMILY = "1,2";
			};
			name = Debug;
		};
		37787C952D80A449003E2A93 /* Release */ = {
			isa = XCBuildConfiguration;
			buildSettings = {
				ASSETCATALOG_COMPILER_APPICON_NAME = AppIcon;
				ASSETCATALOG_COMPILER_GLOBAL_ACCENT_COLOR_NAME = AccentColor;
				CODE_SIGN_STYLE = Automatic;
				CURRENT_PROJECT_VERSION = 1;
				DEVELOPMENT_ASSET_PATHS = "\"DailyGrind_Proto/Preview Content\"";
				DEVELOPMENT_TEAM = 99S33YCFRB;
				ENABLE_PREVIEWS = YES;
				GENERATE_INFOPLIST_FILE = YES;
				INFOPLIST_KEY_UIApplicationSceneManifest_Generation = YES;
				INFOPLIST_KEY_UIApplicationSupportsIndirectInputEvents = YES;
				INFOPLIST_KEY_UILaunchScreen_Generation = YES;
				INFOPLIST_KEY_UISupportedInterfaceOrientations_iPad = "UIInterfaceOrientationPortrait UIInterfaceOrientationPortraitUpsideDown UIInterfaceOrientationLandscapeLeft UIInterfaceOrientationLandscapeRight";
				INFOPLIST_KEY_UISupportedInterfaceOrientations_iPhone = "UIInterfaceOrientationPortrait UIInterfaceOrientationLandscapeLeft UIInterfaceOrientationLandscapeRight";
				LD_RUNPATH_SEARCH_PATHS = (
					"$(inherited)",
					"@executable_path/Frameworks",
				);
				MARKETING_VERSION = 1.0;
				PRODUCT_BUNDLE_IDENTIFIER = "com.tnt.DailyGrind-Proto";
				PRODUCT_NAME = "$(TARGET_NAME)";
				SWIFT_EMIT_LOC_STRINGS = YES;
				SWIFT_VERSION = 5.0;
				TARGETED_DEVICE_FAMILY = "1,2";
			};
			name = Release;
		};
		37787C972D80A449003E2A93 /* Debug */ = {
			isa = XCBuildConfiguration;
			buildSettings = {
				BUNDLE_LOADER = "$(TEST_HOST)";
				CODE_SIGN_STYLE = Automatic;
				CURRENT_PROJECT_VERSION = 1;
				DEVELOPMENT_TEAM = 99S33YCFRB;
				GENERATE_INFOPLIST_FILE = YES;
				IPHONEOS_DEPLOYMENT_TARGET = 18.2;
				MARKETING_VERSION = 1.0;
				PRODUCT_BUNDLE_IDENTIFIER = "com.tnt.DailyGrind-ProtoTests";
				PRODUCT_NAME = "$(TARGET_NAME)";
				SWIFT_EMIT_LOC_STRINGS = NO;
				SWIFT_VERSION = 5.0;
				TARGETED_DEVICE_FAMILY = "1,2";
				TEST_HOST = "$(BUILT_PRODUCTS_DIR)/DailyGrind_Proto.app/$(BUNDLE_EXECUTABLE_FOLDER_PATH)/DailyGrind_Proto";
			};
			name = Debug;
		};
		37787C982D80A449003E2A93 /* Release */ = {
			isa = XCBuildConfiguration;
			buildSettings = {
				BUNDLE_LOADER = "$(TEST_HOST)";
				CODE_SIGN_STYLE = Automatic;
				CURRENT_PROJECT_VERSION = 1;
				DEVELOPMENT_TEAM = 99S33YCFRB;
				GENERATE_INFOPLIST_FILE = YES;
				IPHONEOS_DEPLOYMENT_TARGET = 18.2;
				MARKETING_VERSION = 1.0;
				PRODUCT_BUNDLE_IDENTIFIER = "com.tnt.DailyGrind-ProtoTests";
				PRODUCT_NAME = "$(TARGET_NAME)";
				SWIFT_EMIT_LOC_STRINGS = NO;
				SWIFT_VERSION = 5.0;
				TARGETED_DEVICE_FAMILY = "1,2";
				TEST_HOST = "$(BUILT_PRODUCTS_DIR)/DailyGrind_Proto.app/$(BUNDLE_EXECUTABLE_FOLDER_PATH)/DailyGrind_Proto";
			};
			name = Release;
		};
		37787C9A2D80A449003E2A93 /* Debug */ = {
			isa = XCBuildConfiguration;
			buildSettings = {
				CODE_SIGN_STYLE = Automatic;
				CURRENT_PROJECT_VERSION = 1;
				DEVELOPMENT_TEAM = 99S33YCFRB;
				GENERATE_INFOPLIST_FILE = YES;
				MARKETING_VERSION = 1.0;
				PRODUCT_BUNDLE_IDENTIFIER = "com.tnt.DailyGrind-ProtoUITests";
				PRODUCT_NAME = "$(TARGET_NAME)";
				SWIFT_EMIT_LOC_STRINGS = NO;
				SWIFT_VERSION = 5.0;
				TARGETED_DEVICE_FAMILY = "1,2";
				TEST_TARGET_NAME = DailyGrind_Proto;
			};
			name = Debug;
		};
		37787C9B2D80A449003E2A93 /* Release */ = {
			isa = XCBuildConfiguration;
			buildSettings = {
				CODE_SIGN_STYLE = Automatic;
				CURRENT_PROJECT_VERSION = 1;
				DEVELOPMENT_TEAM = 99S33YCFRB;
				GENERATE_INFOPLIST_FILE = YES;
				MARKETING_VERSION = 1.0;
				PRODUCT_BUNDLE_IDENTIFIER = "com.tnt.DailyGrind-ProtoUITests";
				PRODUCT_NAME = "$(TARGET_NAME)";
				SWIFT_EMIT_LOC_STRINGS = NO;
				SWIFT_VERSION = 5.0;
				TARGETED_DEVICE_FAMILY = "1,2";
				TEST_TARGET_NAME = DailyGrind_Proto;
			};
			name = Release;
		};
/* End XCBuildConfiguration section */

/* Begin XCConfigurationList section */
		37787C682D80A447003E2A93 /* Build configuration list for PBXProject "DailyGrind_Proto" */ = {
			isa = XCConfigurationList;
			buildConfigurations = (
				37787C912D80A449003E2A93 /* Debug */,
				37787C922D80A449003E2A93 /* Release */,
			);
			defaultConfigurationIsVisible = 0;
			defaultConfigurationName = Release;
		};
		37787C932D80A449003E2A93 /* Build configuration list for PBXNativeTarget "DailyGrind_Proto" */ = {
			isa = XCConfigurationList;
			buildConfigurations = (
				37787C942D80A449003E2A93 /* Debug */,
				37787C952D80A449003E2A93 /* Release */,
			);
			defaultConfigurationIsVisible = 0;
			defaultConfigurationName = Release;
		};
		37787C962D80A449003E2A93 /* Build configuration list for PBXNativeTarget "DailyGrind_ProtoTests" */ = {
			isa = XCConfigurationList;
			buildConfigurations = (
				37787C972D80A449003E2A93 /* Debug */,
				37787C982D80A449003E2A93 /* Release */,
			);
			defaultConfigurationIsVisible = 0;
			defaultConfigurationName = Release;
		};
		37787C992D80A449003E2A93 /* Build configuration list for PBXNativeTarget "DailyGrind_ProtoUITests" */ = {
			isa = XCConfigurationList;
			buildConfigurations = (
				37787C9A2D80A449003E2A93 /* Debug */,
				37787C9B2D80A449003E2A93 /* Release */,
			);
			defaultConfigurationIsVisible = 0;
			defaultConfigurationName = Release;
		};
/* End XCConfigurationList section */
	};
	rootObject = 37787C652D80A446003E2A93 /* Project object */;
}
